// !$*UTF8*$!
{
	archiveVersion = 1;
	classes = {
	};
	objectVersion = 46;
	objects = {

/* Begin PBXBuildFile section */
		FEE33F9A1F2F181F00BF61AB /* AppDelegate.swift in Sources */ = {isa = PBXBuildFile; fileRef = FEE33F991F2F181F00BF61AB /* AppDelegate.swift */; };
		FEE33F9C1F2F181F00BF61AB /* MainViewController.swift in Sources */ = {isa = PBXBuildFile; fileRef = FEE33F9B1F2F181F00BF61AB /* MainViewController.swift */; };
		FEE33F9F1F2F181F00BF61AB /* JSGroupMain.storyboard in Resources */ = {isa = PBXBuildFile; fileRef = FEE33F9D1F2F181F00BF61AB /* JSGroupMain.storyboard */; };
		FEE33FA11F2F181F00BF61AB /* Assets.xcassets in Resources */ = {isa = PBXBuildFile; fileRef = FEE33FA01F2F181F00BF61AB /* Assets.xcassets */; };
		FEE33FA41F2F181F00BF61AB /* LaunchScreen.storyboard in Resources */ = {isa = PBXBuildFile; fileRef = FEE33FA21F2F181F00BF61AB /* LaunchScreen.storyboard */; };
		FEE33FAD1F30449700BF61AB /* MainStoryboard.storyboard in Resources */ = {isa = PBXBuildFile; fileRef = FEE33FAC1F30449700BF61AB /* MainStoryboard.storyboard */; };
/* End PBXBuildFile section */

/* Begin PBXFileReference section */
		FEE33F961F2F181F00BF61AB /* Chming_iOS.app */ = {isa = PBXFileReference; explicitFileType = wrapper.application; includeInIndex = 0; path = Chming_iOS.app; sourceTree = BUILT_PRODUCTS_DIR; };
		FEE33F991F2F181F00BF61AB /* AppDelegate.swift */ = {isa = PBXFileReference; lastKnownFileType = sourcecode.swift; path = AppDelegate.swift; sourceTree = "<group>"; };
		FEE33F9B1F2F181F00BF61AB /* MainViewController.swift */ = {isa = PBXFileReference; lastKnownFileType = sourcecode.swift; path = MainViewController.swift; sourceTree = "<group>"; };
		FEE33F9E1F2F181F00BF61AB /* Base */ = {isa = PBXFileReference; lastKnownFileType = file.storyboard; name = Base; path = Base.lproj/JSGroupMain.storyboard; sourceTree = "<group>"; };
		FEE33FA01F2F181F00BF61AB /* Assets.xcassets */ = {isa = PBXFileReference; lastKnownFileType = folder.assetcatalog; path = Assets.xcassets; sourceTree = "<group>"; };
		FEE33FA31F2F181F00BF61AB /* Base */ = {isa = PBXFileReference; lastKnownFileType = file.storyboard; name = Base; path = Base.lproj/LaunchScreen.storyboard; sourceTree = "<group>"; };
		FEE33FA51F2F181F00BF61AB /* Info.plist */ = {isa = PBXFileReference; lastKnownFileType = text.plist.xml; path = Info.plist; sourceTree = "<group>"; };
		FEE33FAC1F30449700BF61AB /* MainStoryboard.storyboard */ = {isa = PBXFileReference; fileEncoding = 4; lastKnownFileType = file.storyboard; path = MainStoryboard.storyboard; sourceTree = "<group>"; };
/* End PBXFileReference section */

/* Begin PBXFrameworksBuildPhase section */
		FEE33F931F2F181F00BF61AB /* Frameworks */ = {
			isa = PBXFrameworksBuildPhase;
			buildActionMask = 2147483647;
			files = (
			);
			runOnlyForDeploymentPostprocessing = 0;
		};
/* End PBXFrameworksBuildPhase section */

/* Begin PBXGroup section */
		FEE33F8D1F2F181F00BF61AB = {
			isa = PBXGroup;
			children = (
				FEE33F981F2F181F00BF61AB /* Chming_iOS */,
				FEE33F971F2F181F00BF61AB /* Products */,
			);
			sourceTree = "<group>";
		};
		FEE33F971F2F181F00BF61AB /* Products */ = {
			isa = PBXGroup;
			children = (
				FEE33F961F2F181F00BF61AB /* Chming_iOS.app */,
			);
			name = Products;
			sourceTree = "<group>";
		};
		FEE33F981F2F181F00BF61AB /* Chming_iOS */ = {
			isa = PBXGroup;
			children = (
				FEE33FA01F2F181F00BF61AB /* Assets.xcassets */,
				FEE33FA21F2F181F00BF61AB /* LaunchScreen.storyboard */,
				FEE33FAC1F30449700BF61AB /* MainStoryboard.storyboard */,
				FEE33FAB1F30439900BF61AB /* JS */,
				FEE33F991F2F181F00BF61AB /* AppDelegate.swift */,
				FEE33F9B1F2F181F00BF61AB /* MainViewController.swift */,
				FEE33FA51F2F181F00BF61AB /* Info.plist */,
			);
			path = Chming_iOS;
			sourceTree = "<group>";
		};
		FEE33FAB1F30439900BF61AB /* JS */ = {
			isa = PBXGroup;
			children = (
				FEE33F9D1F2F181F00BF61AB /* JSGroupMain.storyboard */,
			);
			name = JS;
			sourceTree = "<group>";
		};
/* End PBXGroup section */

/* Begin PBXNativeTarget section */
		FEE33F951F2F181F00BF61AB /* Chming_iOS */ = {
			isa = PBXNativeTarget;
			buildConfigurationList = FEE33FA81F2F181F00BF61AB /* Build configuration list for PBXNativeTarget "Chming_iOS" */;
			buildPhases = (
				FEE33F921F2F181F00BF61AB /* Sources */,
				FEE33F931F2F181F00BF61AB /* Frameworks */,
				FEE33F941F2F181F00BF61AB /* Resources */,
			);
			buildRules = (
			);
			dependencies = (
			);
			name = Chming_iOS;
			productName = Chming_iOS;
			productReference = FEE33F961F2F181F00BF61AB /* Chming_iOS.app */;
			productType = "com.apple.product-type.application";
		};
/* End PBXNativeTarget section */

/* Begin PBXProject section */
		FEE33F8E1F2F181F00BF61AB /* Project object */ = {
			isa = PBXProject;
			attributes = {
				LastSwiftUpdateCheck = 0830;
				LastUpgradeCheck = 0830;
				ORGANIZATIONNAME = leejaesung;
				TargetAttributes = {
					FEE33F951F2F181F00BF61AB = {
						CreatedOnToolsVersion = 8.3.2;
						DevelopmentTeam = 29Q45PKR77;
						ProvisioningStyle = Automatic;
					};
				};
			};
			buildConfigurationList = FEE33F911F2F181F00BF61AB /* Build configuration list for PBXProject "Chming_iOS" */;
			compatibilityVersion = "Xcode 3.2";
			developmentRegion = English;
			hasScannedForEncodings = 0;
			knownRegions = (
				en,
				Base,
			);
			mainGroup = FEE33F8D1F2F181F00BF61AB;
			productRefGroup = FEE33F971F2F181F00BF61AB /* Products */;
			projectDirPath = "";
			projectRoot = "";
			targets = (
				FEE33F951F2F181F00BF61AB /* Chming_iOS */,
			);
		};
/* End PBXProject section */

/* Begin PBXResourcesBuildPhase section */
		FEE33F941F2F181F00BF61AB /* Resources */ = {
			isa = PBXResourcesBuildPhase;
			buildActionMask = 2147483647;
			files = (
				FEE33FA41F2F181F00BF61AB /* LaunchScreen.storyboard in Resources */,
				FEE33FA11F2F181F00BF61AB /* Assets.xcassets in Resources */,
				FEE33FAD1F30449700BF61AB /* MainStoryboard.storyboard in Resources */,
				FEE33F9F1F2F181F00BF61AB /* JSGroupMain.storyboard in Resources */,
			);
			runOnlyForDeploymentPostprocessing = 0;
		};
/* End PBXResourcesBuildPhase section */

/* Begin PBXSourcesBuildPhase section */
		FEE33F921F2F181F00BF61AB /* Sources */ = {
			isa = PBXSourcesBuildPhase;
			buildActionMask = 2147483647;
			files = (
				FEE33F9C1F2F181F00BF61AB /* MainViewController.swift in Sources */,
				FEE33F9A1F2F181F00BF61AB /* AppDelegate.swift in Sources */,
			);
			runOnlyForDeploymentPostprocessing = 0;
		};
/* End PBXSourcesBuildPhase section */

/* Begin PBXVariantGroup section */
		FEE33F9D1F2F181F00BF61AB /* JSGroupMain.storyboard */ = {
			isa = PBXVariantGroup;
			children = (
				FEE33F9E1F2F181F00BF61AB /* Base */,
			);
			name = JSGroupMain.storyboard;
			sourceTree = "<group>";
		};
		FEE33FA21F2F181F00BF61AB /* LaunchScreen.storyboard */ = {
			isa = PBXVariantGroup;
			children = (
				FEE33FA31F2F181F00BF61AB /* Base */,
			);
			name = LaunchScreen.storyboard;
			sourceTree = "<group>";
		};
/* End PBXVariantGroup section */

/* Begin XCBuildConfiguration section */
		FEE33FA61F2F181F00BF61AB /* Debug */ = {
			isa = XCBuildConfiguration;
			buildSettings = {
				ALWAYS_SEARCH_USER_PATHS = NO;
				CLANG_ANALYZER_NONNULL = YES;
				CLANG_ANALYZER_NUMBER_OBJECT_CONVERSION = YES_AGGRESSIVE;
				CLANG_CXX_LANGUAGE_STANDARD = "gnu++0x";
				CLANG_CXX_LIBRARY = "libc++";
				CLANG_ENABLE_MODULES = YES;
				CLANG_ENABLE_OBJC_ARC = YES;
				CLANG_WARN_BOOL_CONVERSION = YES;
				CLANG_WARN_CONSTANT_CONVERSION = YES;
				CLANG_WARN_DIRECT_OBJC_ISA_USAGE = YES_ERROR;
				CLANG_WARN_DOCUMENTATION_COMMENTS = YES;
				CLANG_WARN_EMPTY_BODY = YES;
				CLANG_WARN_ENUM_CONVERSION = YES;
				CLANG_WARN_INFINITE_RECURSION = YES;
				CLANG_WARN_INT_CONVERSION = YES;
				CLANG_WARN_OBJC_ROOT_CLASS = YES_ERROR;
				CLANG_WARN_SUSPICIOUS_MOVE = YES;
				CLANG_WARN_UNREACHABLE_CODE = YES;
				CLANG_WARN__DUPLICATE_METHOD_MATCH = YES;
				"CODE_SIGN_IDENTITY[sdk=iphoneos*]" = "iPhone Developer";
				COPY_PHASE_STRIP = NO;
				DEBUG_INFORMATION_FORMAT = dwarf;
				ENABLE_STRICT_OBJC_MSGSEND = YES;
				ENABLE_TESTABILITY = YES;
				GCC_C_LANGUAGE_STANDARD = gnu99;
				GCC_DYNAMIC_NO_PIC = NO;
				GCC_NO_COMMON_BLOCKS = YES;
				GCC_OPTIMIZATION_LEVEL = 0;
				GCC_PREPROCESSOR_DEFINITIONS = (
					"DEBUG=1",
					"$(inherited)",
				);
				GCC_WARN_64_TO_32_BIT_CONVERSION = YES;
				GCC_WARN_ABOUT_RETURN_TYPE = YES_ERROR;
				GCC_WARN_UNDECLARED_SELECTOR = YES;
				GCC_WARN_UNINITIALIZED_AUTOS = YES_AGGRESSIVE;
				GCC_WARN_UNUSED_FUNCTION = YES;
				GCC_WARN_UNUSED_VARIABLE = YES;
				IPHONEOS_DEPLOYMENT_TARGET = 10.3;
				MTL_ENABLE_DEBUG_INFO = YES;
				ONLY_ACTIVE_ARCH = YES;
				SDKROOT = iphoneos;
				SWIFT_ACTIVE_COMPILATION_CONDITIONS = DEBUG;
				SWIFT_OPTIMIZATION_LEVEL = "-Onone";
				TARGETED_DEVICE_FAMILY = "1,2";
			};
			name = Debug;
		};
		FEE33FA71F2F181F00BF61AB /* Release */ = {
			isa = XCBuildConfiguration;
			buildSettings = {
				ALWAYS_SEARCH_USER_PATHS = NO;
				CLANG_ANALYZER_NONNULL = YES;
				CLANG_ANALYZER_NUMBER_OBJECT_CONVERSION = YES_AGGRESSIVE;
				CLANG_CXX_LANGUAGE_STANDARD = "gnu++0x";
				CLANG_CXX_LIBRARY = "libc++";
				CLANG_ENABLE_MODULES = YES;
				CLANG_ENABLE_OBJC_ARC = YES;
				CLANG_WARN_BOOL_CONVERSION = YES;
				CLANG_WARN_CONSTANT_CONVERSION = YES;
				CLANG_WARN_DIRECT_OBJC_ISA_USAGE = YES_ERROR;
				CLANG_WARN_DOCUMENTATION_COMMENTS = YES;
				CLANG_WARN_EMPTY_BODY = YES;
				CLANG_WARN_ENUM_CONVERSION = YES;
				CLANG_WARN_INFINITE_RECURSION = YES;
				CLANG_WARN_INT_CONVERSION = YES;
				CLANG_WARN_OBJC_ROOT_CLASS = YES_ERROR;
				CLANG_WARN_SUSPICIOUS_MOVE = YES;
				CLANG_WARN_UNREACHABLE_CODE = YES;
				CLANG_WARN__DUPLICATE_METHOD_MATCH = YES;
				"CODE_SIGN_IDENTITY[sdk=iphoneos*]" = "iPhone Developer";
				COPY_PHASE_STRIP = NO;
				DEBUG_INFORMATION_FORMAT = "dwarf-with-dsym";
				ENABLE_NS_ASSERTIONS = NO;
				ENABLE_STRICT_OBJC_MSGSEND = YES;
				GCC_C_LANGUAGE_STANDARD = gnu99;
				GCC_NO_COMMON_BLOCKS = YES;
				GCC_WARN_64_TO_32_BIT_CONVERSION = YES;
				GCC_WARN_ABOUT_RETURN_TYPE = YES_ERROR;
				GCC_WARN_UNDECLARED_SELECTOR = YES;
				GCC_WARN_UNINITIALIZED_AUTOS = YES_AGGRESSIVE;
				GCC_WARN_UNUSED_FUNCTION = YES;
				GCC_WARN_UNUSED_VARIABLE = YES;
				IPHONEOS_DEPLOYMENT_TARGET = 10.3;
				MTL_ENABLE_DEBUG_INFO = NO;
				SDKROOT = iphoneos;
				SWIFT_OPTIMIZATION_LEVEL = "-Owholemodule";
				TARGETED_DEVICE_FAMILY = "1,2";
				VALIDATE_PRODUCT = YES;
			};
			name = Release;
		};
		FEE33FA91F2F181F00BF61AB /* Debug */ = {
			isa = XCBuildConfiguration;
			buildSettings = {
				ASSETCATALOG_COMPILER_APPICON_NAME = AppIcon;
				DEVELOPMENT_TEAM = 29Q45PKR77;
				INFOPLIST_FILE = Chming_iOS/Info.plist;
				IPHONEOS_DEPLOYMENT_TARGET = 9.1;
				LD_RUNPATH_SEARCH_PATHS = "$(inherited) @executable_path/Frameworks";
				PRODUCT_BUNDLE_IDENTIFIER = "net.blackturtle2.Chming-iOS";
				PRODUCT_NAME = "$(TARGET_NAME)";
				SWIFT_VERSION = 3.0;
			};
			name = Debug;
		};
		FEE33FAA1F2F181F00BF61AB /* Release */ = {
			isa = XCBuildConfiguration;
			buildSettings = {
				ASSETCATALOG_COMPILER_APPICON_NAME = AppIcon;
				DEVELOPMENT_TEAM = 29Q45PKR77;
				INFOPLIST_FILE = Chming_iOS/Info.plist;
				IPHONEOS_DEPLOYMENT_TARGET = 9.1;
				LD_RUNPATH_SEARCH_PATHS = "$(inherited) @executable_path/Frameworks";
				PRODUCT_BUNDLE_IDENTIFIER = "net.blackturtle2.Chming-iOS";
				PRODUCT_NAME = "$(TARGET_NAME)";
				SWIFT_VERSION = 3.0;
			};
			name = Release;
		};
/* End XCBuildConfiguration section */

/* Begin XCConfigurationList section */
		FEE33F911F2F181F00BF61AB /* Build configuration list for PBXProject "Chming_iOS" */ = {
			isa = XCConfigurationList;
			buildConfigurations = (
				FEE33FA61F2F181F00BF61AB /* Debug */,
				FEE33FA71F2F181F00BF61AB /* Release */,
			);
			defaultConfigurationIsVisible = 0;
			defaultConfigurationName = Release;
		};
		FEE33FA81F2F181F00BF61AB /* Build configuration list for PBXNativeTarget "Chming_iOS" */ = {
			isa = XCConfigurationList;
			buildConfigurations = (
				FEE33FA91F2F181F00BF61AB /* Debug */,
				FEE33FAA1F2F181F00BF61AB /* Release */,
			);
			defaultConfigurationIsVisible = 0;
			defaultConfigurationName = Release;
		};
/* End XCConfigurationList section */
	};
	rootObject = FEE33F8E1F2F181F00BF61AB /* Project object */;
}
